#MicroXplorer Configuration settings - do not modify
Appli.IPs=CORTEX_M55_S,GPDMA1,HPDMA1,LINKEDLIST,RCC,RIF\:I,GPIO,NVIC1\:I
CAD.formats=
CAD.pinconfig=
CAD.provider=
CORTEX_M55_FSBL.CPU_DCache=Enabled
CORTEX_M55_FSBL.CPU_ICache=Enabled
CORTEX_M55_FSBL.IPParameters=CPU_ICache,CPU_DCache
EXTMEM_MANAGER.IPParameters=RefParam_MEMORY_1_Driver_Selection,RefParam_BOOT_enable
EXTMEM_MANAGER.RefParam_BOOT_enable=true
EXTMEM_MANAGER.RefParam_MEMORY_1_Driver_Selection=EXTMEM_USER
ExtMemLoader.IPs=EXTMEM_LOADER,EXTMEM_MANAGER,RCC\:I,GPIO
FSBL.IPs=CORTEX_M55_FSBL,GPDMA1\:I,HDP,HPDMA1\:I,LINKEDLIST,RCC,GPIO\:I,NVIC\:I,XSPIM,XSPI1,XSPI2,EXTMEM_MANAGER,PWR\:I
File.Version=6
GPIO.groupedBy=Group By Peripherals
KeepUserPlacement=false
Mcu.CPN=STM32N647X0H3Q
Mcu.Context0=FSBL
Mcu.Context1=Appli
Mcu.Context2=ExtMemLoader
Mcu.ContextNb=3
Mcu.ContextProject=FullSecure
Mcu.Family=STM32N6
Mcu.IP0=CORTEX_M55_FSBL
Mcu.IP1=CORTEX_M55_S
Mcu.IP10=XSPIM
Mcu.IP2=EXTMEM_MANAGER
Mcu.IP3=NVIC1
Mcu.IP4=NVIC
Mcu.IP5=PWR
Mcu.IP6=RCC
Mcu.IP7=RIF
Mcu.IP8=XSPI1
Mcu.IP9=XSPI2
Mcu.IPNb=11
Mcu.Name=STM32N647X0HxQ
Mcu.Package=VFBGA264
Mcu.Pin0=PP7
Mcu.Pin1=PP6
Mcu.Pin10=PO0
Mcu.Pin11=PO4
Mcu.Pin12=PN4
Mcu.Pin13=PN6
Mcu.Pin14=PN8
Mcu.Pin15=PN0
Mcu.Pin16=PN3
Mcu.Pin17=PN5
Mcu.Pin18=PN1
Mcu.Pin19=PN9
Mcu.Pin2=PP0
Mcu.Pin20=PN2
Mcu.Pin21=PN10
Mcu.Pin22=PN11
Mcu.Pin23=VP_EXTMEM_MANAGER_SIG_Activate_EXTMEM
Mcu.Pin24=VP_PWR_VS_SECSignals
Mcu.Pin25=VP_PWR_VS_LPOM
Mcu.Pin26=VP_PWR_VS_DBSignals
Mcu.Pin27=VP_PWR_VS_PowerVDDIO
Mcu.Pin28=VP_RIF_VS_RIF1
Mcu.Pin29=VP_XSPI1_VS_octo
Mcu.Pin3=PP4
Mcu.Pin30=VP_XSPI2_VS_octo
Mcu.Pin31=VP_XSPIM_VS_IO
Mcu.Pin4=PP1
Mcu.Pin5=PP5
Mcu.Pin6=PP3
Mcu.Pin7=PP2
Mcu.Pin8=PO5
Mcu.Pin9=PO2
Mcu.PinsNb=32
Mcu.ThirdPartyNb=0
Mcu.UserConstants=
Mcu.UserName=STM32N647X0HxQ
MxCube.Version=6.13.0
MxDb.Version=DB.6.0.130
NVIC.BFHFNMINS=0
NVIC.BusFault_IRQn=true\:0\:0\:false\:false\:true\:false\:false\:false
NVIC.DebugMonitor_IRQn=true\:0\:0\:false\:false\:true\:false\:false\:false
NVIC.ForceEnableDMAVector=true
NVIC.HardFault_IRQn=true\:0\:0\:false\:false\:true\:false\:false\:false
NVIC.MemoryManagement_IRQn=true\:0\:0\:false\:false\:true\:false\:false\:false
NVIC.NonMaskableInt_IRQn=true\:0\:0\:false\:false\:true\:false\:false\:false
NVIC.PRIS=0
NVIC.PendSV_IRQn=true\:0\:0\:false\:false\:true\:false\:false\:false
NVIC.PriorityGroup=NVIC_PRIORITYGROUP_4
NVIC.SVCall_IRQn=true\:0\:0\:false\:false\:true\:false\:false\:false
NVIC.SecureFault_IRQn=true\:0\:0\:false\:false\:true\:false\:false\:false
NVIC.SysTick_IRQn=true\:15\:0\:false\:false\:true\:false\:true\:false
NVIC.UsageFault_IRQn=true\:0\:0\:false\:false\:true\:false\:false\:false
NVIC1.BFHFNMINS=0
NVIC1.BusFault_IRQn=true\:0\:0\:false\:false\:true\:false\:false\:false
NVIC1.DebugMonitor_IRQn=true\:0\:0\:false\:false\:true\:false\:false\:false
NVIC1.ForceEnableDMAVector=true
NVIC1.HardFault_IRQn=true\:0\:0\:false\:false\:true\:false\:false\:false
NVIC1.MemoryManagement_IRQn=true\:0\:0\:false\:false\:true\:false\:false\:false
NVIC1.NonMaskableInt_IRQn=true\:0\:0\:false\:false\:true\:false\:false\:false
NVIC1.PRIS=0
NVIC1.PendSV_IRQn=true\:0\:0\:false\:false\:true\:false\:false\:false
NVIC1.PriorityGroup=NVIC_PRIORITYGROUP_4
NVIC1.SVCall_IRQn=true\:0\:0\:false\:false\:true\:false\:false\:false
NVIC1.SecureFault_IRQn=true\:0\:0\:false\:false\:true\:false\:false\:false
NVIC1.SysTick_IRQn=true\:15\:0\:false\:false\:true\:false\:true\:false
NVIC1.UsageFault_IRQn=true\:0\:0\:false\:false\:true\:false\:false\:false
PN0.GPIOParameters=PinAttribute
PN0.Locked=true
PN0.Mode=XSPI2_Port2Octo
PN0.PinAttribute=FSBL
PN0.Signal=XSPIM_P2_DQS0
PN1.GPIOParameters=PinAttribute
PN1.Locked=true
PN1.Mode=XSPI2_NCS1_Port2
PN1.PinAttribute=FSBL
PN1.Signal=XSPIM_P2_NCS1
PN10.GPIOParameters=PinAttribute
PN10.Locked=true
PN10.Mode=XSPI2_Port2Octo
PN10.PinAttribute=FSBL
PN10.Signal=XSPIM_P2_IO6
PN11.GPIOParameters=PinAttribute
PN11.Locked=true
PN11.Mode=XSPI2_Port2Octo
PN11.PinAttribute=FSBL
PN11.Signal=XSPIM_P2_IO7
PN2.GPIOParameters=PinAttribute
PN2.Locked=true
PN2.Mode=XSPI2_Port2Octo
PN2.PinAttribute=FSBL
PN2.Signal=XSPIM_P2_IO0
PN3.GPIOParameters=PinAttribute
PN3.Locked=true
PN3.Mode=XSPI2_Port2Octo
PN3.PinAttribute=FSBL
PN3.Signal=XSPIM_P2_IO1
PN4.GPIOParameters=PinAttribute
PN4.Locked=true
PN4.Mode=XSPI2_Port2Octo
PN4.PinAttribute=FSBL
PN4.Signal=XSPIM_P2_IO2
PN5.GPIOParameters=PinAttribute
PN5.Locked=true
PN5.Mode=XSPI2_Port2Octo
PN5.PinAttribute=FSBL
PN5.Signal=XSPIM_P2_IO3
PN6.GPIOParameters=PinAttribute
PN6.Locked=true
PN6.Mode=XSPI2_Port2Octo
PN6.PinAttribute=FSBL
PN6.Signal=XSPIM_P2_CLK
PN8.GPIOParameters=PinAttribute
PN8.Locked=true
PN8.Mode=XSPI2_Port2Octo
PN8.PinAttribute=FSBL
PN8.Signal=XSPIM_P2_IO4
PN9.GPIOParameters=PinAttribute
PN9.Locked=true
PN9.Mode=XSPI2_Port2Octo
PN9.PinAttribute=FSBL
PN9.Signal=XSPIM_P2_IO5
PO0.GPIOParameters=PinAttribute
PO0.Locked=true
PO0.Mode=XSPI1_NCS1_Port1
PO0.PinAttribute=FSBL
PO0.Signal=XSPIM_P1_NCS1
PO2.GPIOParameters=PinAttribute
PO2.Locked=true
PO2.Mode=XSPI1_Port1Octo
PO2.PinAttribute=FSBL
PO2.Signal=XSPIM_P1_DQS0
PO4.GPIOParameters=PinAttribute
PO4.Locked=true
PO4.Mode=XSPI1_Port1Octo
PO4.PinAttribute=FSBL
PO4.Signal=XSPIM_P1_CLK
PO5.GPIOParameters=PinAttribute
PO5.Locked=true
PO5.Mode=XSPI1_Port1_NCLK
PO5.PinAttribute=FSBL
PO5.Signal=XSPIM_P1_NCLK
PP0.GPIOParameters=PinAttribute
PP0.Locked=true
PP0.Mode=XSPI1_Port1Octo
PP0.PinAttribute=FSBL
PP0.Signal=XSPIM_P1_IO0
PP1.GPIOParameters=PinAttribute
PP1.Locked=true
PP1.Mode=XSPI1_Port1Octo
PP1.PinAttribute=FSBL
PP1.Signal=XSPIM_P1_IO1
PP2.GPIOParameters=PinAttribute
PP2.Locked=true
PP2.Mode=XSPI1_Port1Octo
PP2.PinAttribute=FSBL
PP2.Signal=XSPIM_P1_IO2
PP3.GPIOParameters=PinAttribute
PP3.Locked=true
PP3.Mode=XSPI1_Port1Octo
PP3.PinAttribute=FSBL
PP3.Signal=XSPIM_P1_IO3
PP4.GPIOParameters=PinAttribute
PP4.Locked=true
PP4.Mode=XSPI1_Port1Octo
PP4.PinAttribute=FSBL
PP4.Signal=XSPIM_P1_IO4
PP5.GPIOParameters=PinAttribute
PP5.Locked=true
PP5.Mode=XSPI1_Port1Octo
PP5.PinAttribute=FSBL
PP5.Signal=XSPIM_P1_IO5
PP6.GPIOParameters=PinAttribute
PP6.Locked=true
PP6.Mode=XSPI1_Port1Octo
PP6.PinAttribute=FSBL
PP6.Signal=XSPIM_P1_IO6
PP7.GPIOParameters=PinAttribute
PP7.Locked=true
PP7.Mode=XSPI1_Port1Octo
PP7.PinAttribute=FSBL
PP7.Signal=XSPIM_P1_IO7
PWR.IPParameters=PowerDomain3,PowerDomain2
PWR.PowerDomain2=PWR_VDDIO_RANGE_1V8
PWR.PowerDomain3=PWR_VDDIO_RANGE_1V8
PinOutPanel.CurrentBGAView=Top
PinOutPanel.RotationAngle=0
ProjectManager.AskForMigrate=true
ProjectManager.BackupPrevious=false
ProjectManager.CompilerOptimize=6
ProjectManager.ComputerToolchain=false
ProjectManager.CoupleFile=false
ProjectManager.CustomerFirmwarePackage=..\\..\\STM32Cube_FW_N6_V1.0.0
ProjectManager.DefaultFWLocation=false
ProjectManager.DeletePrevious=true
ProjectManager.DeviceId=STM32N647X0HxQ
ProjectManager.FirmwarePackage=STM32Cube FW_N6 V1.0.0
ProjectManager.FreePins=false
ProjectManager.HalAssertFull=false
ProjectManager.HeapSize=FSBL-0x200,Appli-0x200,ExtMemLoader-0x200
ProjectManager.KeepUserCode=true
ProjectManager.LastFirmware=true
ProjectManager.LibraryCopy=2
ProjectManager.MainLocation=Core/Src
ProjectManager.NoMain=false
ProjectManager.PreviousToolchain=
ProjectManager.ProjectBuild=false
ProjectManager.ProjectFileName=MX25UM25645G_W958D8NBYA5I_Example.ioc
ProjectManager.ProjectName=MX25UM25645G_W958D8NBYA5I_Example
ProjectManager.ProjectStructure=FSBL\:FSBL\:true;Appli\:Appli\:false;ExtMemLoader\:ExtMemLoader\:false;
ProjectManager.RegisterCallBack=
ProjectManager.StackSize=FSBL-0x800,Appli-0x800,ExtMemLoader-0x800
ProjectManager.TargetToolchain=STM32CubeIDE
ProjectManager.ToolChainLocation=
ProjectManager.UAScriptAfterPath=
ProjectManager.UAScriptBeforePath=
ProjectManager.UnderRoot=false
ProjectManager.functionlistsort=1-SystemClock_Config-RCC-false-HAL-false-FSBL,2-MX_GPIO_Init-GPIO-false-HAL-true-FSBL,3-MX_XSPI1_Init-XSPI1-false-HAL-true-FSBL,4-MX_XSPI2_Init-XSPI2-false-HAL-true-FSBL,5-MX_XSPIM_Init-XSPIM-false-HAL-true-FSBL,6-MX_EXTMEM_MANAGER_Init-EXTMEM_MANAGER-false-HAL-false-FSBL,1-MX_RIF_Init-RIF-false-HAL-true-Appli,0-MX_CORTEX_M55_FSBL_Init-CORTEX_M55_FSBL-false-HAL-true-FSBL,0-MX_PWR_Init-PWR-false-HAL-true-FSBL,0-MX_CORTEX_M55_S_Init-CORTEX_M55_S-false-HAL-true-Appli,1-MX_EXTMEM_MANAGER_Init-EXTMEM_MANAGER-false-HAL-false-ExtMemLoader
RCC.ADC12Freq_Value=200000000
RCC.ADFFreq_Value=200000000
RCC.AHB1234Freq_Value=200000000
RCC.AHBFreq_Value=75000000
RCC.APB1Freq_Value=200000000
RCC.APB2Freq_Value=200000000
RCC.APB4Freq_Value=200000000
RCC.APB5Freq_Value=200000000
RCC.AXIClockFreq_Value=400000000
RCC.CKPERFreq_Value=64000000
RCC.CPUCLKSource=RCC_CPUCLKSOURCE_IC1
RCC.CortexFreq_Value=75000000
RCC.CpuClockFreq_Value=600000000
RCC.ETH1Freq_Value=200000000
RCC.FBDIV1=75
RCC.FDCANFreq_Value=200000000
RCC.FMCFreq_Value=200000000
RCC.FOUTPOSTDIV1Freq_Value=1200000000
RCC.FOUTPOSTDIV2Freq_Value=1600000000
RCC.FOUTPOSTDIV3Freq_Value=1600000000
RCC.FOUTPOSTDIV4Freq_Value=1600000000
RCC.FREFDIV1=4
RCC.FamilyName=M
RCC.HSE_VALUE=48000000
RCC.HSI_VALUE=64000000
RCC.I2C1Freq_Value=200000000
RCC.I2C2Freq_Value=200000000
RCC.I2C3Freq_Value=200000000
RCC.I2C4Freq_Value=200000000
RCC.I3C1Freq_Value=200000000
RCC.I3C2Freq_Value=200000000
RCC.IC10Freq_VALUE=1600000000
RCC.IC11Div=3
RCC.IC11Freq_VALUE=400000000
RCC.IC12Freq_VALUE=1600000000
RCC.IC13Freq_VALUE=1600000000
RCC.IC14Freq_VALUE=1600000000
RCC.IC15Freq_VALUE=1600000000
RCC.IC16Freq_VALUE=1600000000
RCC.IC17Freq_VALUE=1600000000
RCC.IC18Freq_VALUE=1600000000
RCC.IC19Freq_VALUE=1600000000
RCC.IC1Div=2
RCC.IC1Freq_VALUE=600000000
RCC.IC20Freq_VALUE=1600000000
RCC.IC2Div=3
RCC.IC2Freq_VALUE=400000000
RCC.IC3Freq_VALUE=1200000000
RCC.IC4Freq_VALUE=1200000000
RCC.IC5Freq_VALUE=1200000000
RCC.IC6Freq_VALUE=300000000
RCC.IC7Freq_VALUE=1600000000
RCC.IC8Freq_VALUE=1600000000
RCC.IC9Freq_VALUE=1600000000
RCC.IPParameters=ADC12Freq_Value,ADFFreq_Value,AHB1234Freq_Value,AHBFreq_Value,APB1Freq_Value,APB2Freq_Value,APB4Freq_Value,APB5Freq_Value,AXIClockFreq_Value,CKPERFreq_Value,CPUCLKSource,CortexFreq_Value,CpuClockFreq_Value,ETH1Freq_Value,FBDIV1,FDCANFreq_Value,FMCFreq_Value,FOUTPOSTDIV1Freq_Value,FOUTPOSTDIV2Freq_Value,FOUTPOSTDIV3Freq_Value,FOUTPOSTDIV4Freq_Value,FREFDIV1,FamilyName,HSE_VALUE,HSI_VALUE,I2C1Freq_Value,I2C2Freq_Value,I2C3Freq_Value,I2C4Freq_Value,I3C1Freq_Value,I3C2Freq_Value,IC10Freq_VALUE,IC11Div,IC11Freq_VALUE,IC12Freq_VALUE,IC13Freq_VALUE,IC14Freq_VALUE,IC15Freq_VALUE,IC16Freq_VALUE,IC17Freq_VALUE,IC18Freq_VALUE,IC19Freq_VALUE,IC1Div,IC1Freq_VALUE,IC20Freq_VALUE,IC2Div,IC2Freq_VALUE,IC3Freq_VALUE,IC4Freq_VALUE,IC5Freq_VALUE,IC6Freq_VALUE,IC7Freq_VALUE,IC8Freq_VALUE,IC9Freq_VALUE,LPTIM1Freq_Value,LPTIM2Freq_Value,LPTIM3Freq_Value,LPTIM4Freq_Value,LPTIM5Freq_Value,LPUART1Freq_Value,LSE_VALUE,LSI_VALUE,MCO1PinFreq_Value,MCO2PinFreq_Value,MDFFreq_Value,MSI_VALUE,OTGHS1Freq_Value,OTGHS2Freq_Value,OTGPHY1Freq_Value,OTGPHY2Freq_Value,PSSIFreq_Value,RTCFreq_Value,SAI1Freq_Value,SAI2Freq_Value,SDMMC1Freq_Value,SDMMC2Freq_Value,SPDIFRX1Freq_Value,SPI1Freq_Value,SPI2Freq_Value,SPI3Freq_Value,SPI4Freq_Value,SPI5Freq_Value,SPI6Freq_Value,SYSBCLKFreq_VALUE,SYSBCLKSource,SYSCCLKFreq_VALUE,SYSDCLKFreq_VALUE,SupplySource,TIMGFreq_Value,UART4Freq_Value,UART5Freq_Value,UART7Freq_Value,UART8Freq_Value,UART9Freq_Value,USART10Freq_Value,USART1Freq_Value,USART2Freq_Value,USART3Freq_Value,USART6Freq_Value,VCO1OutputFreq_Value,VCO2OutputFreq_Value,VCO3OutputFreq_Value,VCO4OutputFreq_Value,VCOInput1Freq_Value,VCOInput2Freq_Value,VCOInput3Freq_Value,VCOInput4Freq_Value,XSPI1Freq_Value,XSPI2Freq_Value,XSPI3Freq_Value
RCC.LPTIM1Freq_Value=200000000
RCC.LPTIM2Freq_Value=200000000
RCC.LPTIM3Freq_Value=200000000
RCC.LPTIM4Freq_Value=200000000
RCC.LPTIM5Freq_Value=200000000
RCC.LPUART1Freq_Value=200000000
RCC.LSE_VALUE=32768
RCC.LSI_VALUE=32000
RCC.MCO1PinFreq_Value=64000000
RCC.MCO2PinFreq_Value=64000000
RCC.MDFFreq_Value=200000000
RCC.MSI_VALUE=16000000
RCC.OTGHS1Freq_Value=24000000
RCC.OTGHS2Freq_Value=24000000
RCC.OTGPHY1Freq_Value=24000000
RCC.OTGPHY2Freq_Value=24000000
RCC.PSSIFreq_Value=200000000
RCC.RTCFreq_Value=32000
RCC.SAI1Freq_Value=200000000
RCC.SAI2Freq_Value=200000000
RCC.SDMMC1Freq_Value=200000000
RCC.SDMMC2Freq_Value=200000000
RCC.SPDIFRX1Freq_Value=200000000
RCC.SPI1Freq_Value=200000000
RCC.SPI2Freq_Value=200000000
RCC.SPI3Freq_Value=200000000
RCC.SPI4Freq_Value=200000000
RCC.SPI5Freq_Value=200000000
RCC.SPI6Freq_Value=200000000
RCC.SYSBCLKFreq_VALUE=400000000
RCC.SYSBCLKSource=RCC_SYSCLKSOURCE_IC2_IC6_IC11
RCC.SYSCCLKFreq_VALUE=300000000
RCC.SYSDCLKFreq_VALUE=400000000
RCC.SupplySource=PWR_SMPS_SUPPLY
RCC.TIMGFreq_Value=400000000
RCC.UART4Freq_Value=200000000
RCC.UART5Freq_Value=200000000
RCC.UART7Freq_Value=200000000
RCC.UART8Freq_Value=200000000
RCC.UART9Freq_Value=200000000
RCC.USART10Freq_Value=200000000
RCC.USART1Freq_Value=200000000
RCC.USART2Freq_Value=200000000
RCC.USART3Freq_Value=200000000
RCC.USART6Freq_Value=200000000
RCC.VCO1OutputFreq_Value=1200000000
RCC.VCO2OutputFreq_Value=1600000000
RCC.VCO3OutputFreq_Value=1600000000
RCC.VCO4OutputFreq_Value=1600000000
RCC.VCOInput1Freq_Value=16000000
RCC.VCOInput2Freq_Value=64000000
RCC.VCOInput3Freq_Value=64000000
RCC.VCOInput4Freq_Value=64000000
RCC.XSPI1Freq_Value=200000000
RCC.XSPI2Freq_Value=200000000
RCC.XSPI3Freq_Value=200000000
RIF.DCMIPP_CID_RIMU=0
RIF.DMA2D_CID_RIMU=0
RIF.ETH1_CID_RIMU=0
RIF.ETR_CID_RIMU=0
RIF.GPU_CID_RIMU=0
RIF.IPParameters=ETR_CID_RIMU,NPU_CID_RIMU,SDMMC1_CID_RIMU,SDMMC2_CID_RIMU,OTG1_CID_RIMU,OTG2_CID_RIMU,ETH1_CID_RIMU,GPU_CID_RIMU,DMA2D_CID_RIMU,DCMIPP_CID_RIMU,LTDC_L1_CID_RIMU,LTDC_L2_CID_RIMU,VENC_CID_RIMU
RIF.LTDC_L1_CID_RIMU=0
RIF.LTDC_L2_CID_RIMU=0
RIF.NPU_CID_RIMU=0
RIF.OTG1_CID_RIMU=0
RIF.OTG2_CID_RIMU=0
RIF.RIFAWARE.GPDMA1\ Feature\ GPDMA1\ channel\ 0\ Cid=-
RIF.RIFAWARE.GPDMA1\ Feature\ GPDMA1\ channel\ 0\ Secure=false
RIF.RIFAWARE.GPDMA1\ Feature\ GPDMA1\ channel\ 1\ Cid=-
RIF.RIFAWARE.GPDMA1\ Feature\ GPDMA1\ channel\ 1\ Secure=false
RIF.RIFAWARE.GPDMA1\ Feature\ GPDMA1\ channel\ 10\ Cid=-
RIF.RIFAWARE.GPDMA1\ Feature\ GPDMA1\ channel\ 10\ Secure=false
RIF.RIFAWARE.GPDMA1\ Feature\ GPDMA1\ channel\ 11\ Cid=-
RIF.RIFAWARE.GPDMA1\ Feature\ GPDMA1\ channel\ 11\ Secure=false
RIF.RIFAWARE.GPDMA1\ Feature\ GPDMA1\ channel\ 12\ Cid=-
RIF.RIFAWARE.GPDMA1\ Feature\ GPDMA1\ channel\ 12\ Secure=false
RIF.RIFAWARE.GPDMA1\ Feature\ GPDMA1\ channel\ 13\ Cid=-
RIF.RIFAWARE.GPDMA1\ Feature\ GPDMA1\ channel\ 13\ Secure=false
RIF.RIFAWARE.GPDMA1\ Feature\ GPDMA1\ channel\ 14\ Cid=-
RIF.RIFAWARE.GPDMA1\ Feature\ GPDMA1\ channel\ 14\ Secure=false
RIF.RIFAWARE.GPDMA1\ Feature\ GPDMA1\ channel\ 15\ Cid=-
RIF.RIFAWARE.GPDMA1\ Feature\ GPDMA1\ channel\ 15\ Secure=false
RIF.RIFAWARE.GPDMA1\ Feature\ GPDMA1\ channel\ 2\ Cid=-
RIF.RIFAWARE.GPDMA1\ Feature\ GPDMA1\ channel\ 2\ Secure=false
RIF.RIFAWARE.GPDMA1\ Feature\ GPDMA1\ channel\ 3\ Cid=-
RIF.RIFAWARE.GPDMA1\ Feature\ GPDMA1\ channel\ 3\ Secure=false
RIF.RIFAWARE.GPDMA1\ Feature\ GPDMA1\ channel\ 4\ Cid=-
RIF.RIFAWARE.GPDMA1\ Feature\ GPDMA1\ channel\ 4\ Secure=false
RIF.RIFAWARE.GPDMA1\ Feature\ GPDMA1\ channel\ 5\ Cid=-
RIF.RIFAWARE.GPDMA1\ Feature\ GPDMA1\ channel\ 5\ Secure=false
RIF.RIFAWARE.GPDMA1\ Feature\ GPDMA1\ channel\ 6\ Cid=-
RIF.RIFAWARE.GPDMA1\ Feature\ GPDMA1\ channel\ 6\ Secure=false
RIF.RIFAWARE.GPDMA1\ Feature\ GPDMA1\ channel\ 7\ Cid=-
RIF.RIFAWARE.GPDMA1\ Feature\ GPDMA1\ channel\ 7\ Secure=false
RIF.RIFAWARE.GPDMA1\ Feature\ GPDMA1\ channel\ 8\ Cid=-
RIF.RIFAWARE.GPDMA1\ Feature\ GPDMA1\ channel\ 8\ Secure=false
RIF.RIFAWARE.GPDMA1\ Feature\ GPDMA1\ channel\ 9\ Cid=-
RIF.RIFAWARE.GPDMA1\ Feature\ GPDMA1\ channel\ 9\ Secure=false
RIF.RIFAWARE.GPIO\ Feature\ PA0\ Cid=-
RIF.RIFAWARE.GPIO\ Feature\ PA0\ Secure=false
RIF.RIFAWARE.GPIO\ Feature\ PA1\ Cid=-
RIF.RIFAWARE.GPIO\ Feature\ PA1\ Secure=false
RIF.RIFAWARE.GPIO\ Feature\ PA10\ Cid=-
RIF.RIFAWARE.GPIO\ Feature\ PA10\ Secure=false
RIF.RIFAWARE.GPIO\ Feature\ PA11\ Cid=-
RIF.RIFAWARE.GPIO\ Feature\ PA11\ Secure=false
RIF.RIFAWARE.GPIO\ Feature\ PA12\ Cid=-
RIF.RIFAWARE.GPIO\ Feature\ PA12\ Secure=false
RIF.RIFAWARE.GPIO\ Feature\ PA2\ Cid=-
RIF.RIFAWARE.GPIO\ Feature\ PA2\ Secure=false
RIF.RIFAWARE.GPIO\ Feature\ PA3\ Cid=-
RIF.RIFAWARE.GPIO\ Feature\ PA3\ Secure=false
RIF.RIFAWARE.GPIO\ Feature\ PA4\ Cid=-
RIF.RIFAWARE.GPIO\ Feature\ PA4\ Secure=false
RIF.RIFAWARE.GPIO\ Feature\ PA5\ Cid=-
RIF.RIFAWARE.GPIO\ Feature\ PA5\ Secure=false
RIF.RIFAWARE.GPIO\ Feature\ PA6\ Cid=-
RIF.RIFAWARE.GPIO\ Feature\ PA6\ Secure=false
RIF.RIFAWARE.GPIO\ Feature\ PA7\ Cid=-
RIF.RIFAWARE.GPIO\ Feature\ PA7\ Secure=false
RIF.RIFAWARE.GPIO\ Feature\ PA8\ Cid=-
RIF.RIFAWARE.GPIO\ Feature\ PA8\ Secure=false
RIF.RIFAWARE.GPIO\ Feature\ PA9\ Cid=-
RIF.RIFAWARE.GPIO\ Feature\ PA9\ Secure=false
RIF.RIFAWARE.GPIO\ Feature\ PB0\ Cid=-
RIF.RIFAWARE.GPIO\ Feature\ PB0\ Secure=false
RIF.RIFAWARE.GPIO\ Feature\ PB1\ Cid=-
RIF.RIFAWARE.GPIO\ Feature\ PB1\ Secure=false
RIF.RIFAWARE.GPIO\ Feature\ PB10\ Cid=-
RIF.RIFAWARE.GPIO\ Feature\ PB10\ Secure=false
RIF.RIFAWARE.GPIO\ Feature\ PB11\ Cid=-
RIF.RIFAWARE.GPIO\ Feature\ PB11\ Secure=false
RIF.RIFAWARE.GPIO\ Feature\ PB12\ Cid=-
RIF.RIFAWARE.GPIO\ Feature\ PB12\ Secure=false
RIF.RIFAWARE.GPIO\ Feature\ PB13\ Cid=-
RIF.RIFAWARE.GPIO\ Feature\ PB13\ Secure=false
RIF.RIFAWARE.GPIO\ Feature\ PB14\ Cid=-
RIF.RIFAWARE.GPIO\ Feature\ PB14\ Secure=false
RIF.RIFAWARE.GPIO\ Feature\ PB15\ Cid=-
RIF.RIFAWARE.GPIO\ Feature\ PB15\ Secure=false
RIF.RIFAWARE.GPIO\ Feature\ PB2\ Cid=-
RIF.RIFAWARE.GPIO\ Feature\ PB2\ Secure=false
RIF.RIFAWARE.GPIO\ Feature\ PB3\ Cid=-
RIF.RIFAWARE.GPIO\ Feature\ PB3\ Secure=false
RIF.RIFAWARE.GPIO\ Feature\ PB6\ Cid=-
RIF.RIFAWARE.GPIO\ Feature\ PB6\ Secure=false
RIF.RIFAWARE.GPIO\ Feature\ PB7\ Cid=-
RIF.RIFAWARE.GPIO\ Feature\ PB7\ Secure=false
RIF.RIFAWARE.GPIO\ Feature\ PB8\ Cid=-
RIF.RIFAWARE.GPIO\ Feature\ PB8\ Secure=false
RIF.RIFAWARE.GPIO\ Feature\ PB9\ Cid=-
RIF.RIFAWARE.GPIO\ Feature\ PB9\ Secure=false
RIF.RIFAWARE.GPIO\ Feature\ PC0\ Cid=-
RIF.RIFAWARE.GPIO\ Feature\ PC0\ Secure=false
RIF.RIFAWARE.GPIO\ Feature\ PC1\ Cid=-
RIF.RIFAWARE.GPIO\ Feature\ PC1\ Secure=false
RIF.RIFAWARE.GPIO\ Feature\ PC10\ Cid=-
RIF.RIFAWARE.GPIO\ Feature\ PC10\ Secure=false
RIF.RIFAWARE.GPIO\ Feature\ PC11\ Cid=-
RIF.RIFAWARE.GPIO\ Feature\ PC11\ Secure=false
RIF.RIFAWARE.GPIO\ Feature\ PC12\ Cid=-
RIF.RIFAWARE.GPIO\ Feature\ PC12\ Secure=false
RIF.RIFAWARE.GPIO\ Feature\ PC13\ Cid=-
RIF.RIFAWARE.GPIO\ Feature\ PC13\ Secure=false
RIF.RIFAWARE.GPIO\ Feature\ PC2\ Cid=-
RIF.RIFAWARE.GPIO\ Feature\ PC2\ Secure=false
RIF.RIFAWARE.GPIO\ Feature\ PC3\ Cid=-
RIF.RIFAWARE.GPIO\ Feature\ PC3\ Secure=false
RIF.RIFAWARE.GPIO\ Feature\ PC4\ Cid=-
RIF.RIFAWARE.GPIO\ Feature\ PC4\ Secure=false
RIF.RIFAWARE.GPIO\ Feature\ PC5\ Cid=-
RIF.RIFAWARE.GPIO\ Feature\ PC5\ Secure=false
RIF.RIFAWARE.GPIO\ Feature\ PC6\ Cid=-
RIF.RIFAWARE.GPIO\ Feature\ PC6\ Secure=false
RIF.RIFAWARE.GPIO\ Feature\ PC7\ Cid=-
RIF.RIFAWARE.GPIO\ Feature\ PC7\ Secure=false
RIF.RIFAWARE.GPIO\ Feature\ PC8\ Cid=-
RIF.RIFAWARE.GPIO\ Feature\ PC8\ Secure=false
RIF.RIFAWARE.GPIO\ Feature\ PC9\ Cid=-
RIF.RIFAWARE.GPIO\ Feature\ PC9\ Secure=false
RIF.RIFAWARE.GPIO\ Feature\ PD0\ Cid=-
RIF.RIFAWARE.GPIO\ Feature\ PD0\ Secure=false
RIF.RIFAWARE.GPIO\ Feature\ PD1\ Cid=-
RIF.RIFAWARE.GPIO\ Feature\ PD1\ Secure=false
RIF.RIFAWARE.GPIO\ Feature\ PD10\ Cid=-
RIF.RIFAWARE.GPIO\ Feature\ PD10\ Secure=false
RIF.RIFAWARE.GPIO\ Feature\ PD11\ Cid=-
RIF.RIFAWARE.GPIO\ Feature\ PD11\ Secure=false
RIF.RIFAWARE.GPIO\ Feature\ PD12\ Cid=-
RIF.RIFAWARE.GPIO\ Feature\ PD12\ Secure=false
RIF.RIFAWARE.GPIO\ Feature\ PD13\ Cid=-
RIF.RIFAWARE.GPIO\ Feature\ PD13\ Secure=false
RIF.RIFAWARE.GPIO\ Feature\ PD14\ Cid=-
RIF.RIFAWARE.GPIO\ Feature\ PD14\ Secure=false
RIF.RIFAWARE.GPIO\ Feature\ PD15\ Cid=-
RIF.RIFAWARE.GPIO\ Feature\ PD15\ Secure=false
RIF.RIFAWARE.GPIO\ Feature\ PD2\ Cid=-
RIF.RIFAWARE.GPIO\ Feature\ PD2\ Secure=false
RIF.RIFAWARE.GPIO\ Feature\ PD3\ Cid=-
RIF.RIFAWARE.GPIO\ Feature\ PD3\ Secure=false
RIF.RIFAWARE.GPIO\ Feature\ PD4\ Cid=-
RIF.RIFAWARE.GPIO\ Feature\ PD4\ Secure=false
RIF.RIFAWARE.GPIO\ Feature\ PD5\ Cid=-
RIF.RIFAWARE.GPIO\ Feature\ PD5\ Secure=false
RIF.RIFAWARE.GPIO\ Feature\ PD6\ Cid=-
RIF.RIFAWARE.GPIO\ Feature\ PD6\ Secure=false
RIF.RIFAWARE.GPIO\ Feature\ PD7\ Cid=-
RIF.RIFAWARE.GPIO\ Feature\ PD7\ Secure=false
RIF.RIFAWARE.GPIO\ Feature\ PD8\ Cid=-
RIF.RIFAWARE.GPIO\ Feature\ PD8\ Secure=false
RIF.RIFAWARE.GPIO\ Feature\ PD9\ Cid=-
RIF.RIFAWARE.GPIO\ Feature\ PD9\ Secure=false
RIF.RIFAWARE.GPIO\ Feature\ PE0\ Cid=-
RIF.RIFAWARE.GPIO\ Feature\ PE0\ Secure=false
RIF.RIFAWARE.GPIO\ Feature\ PE1\ Cid=-
RIF.RIFAWARE.GPIO\ Feature\ PE1\ Secure=false
RIF.RIFAWARE.GPIO\ Feature\ PE10\ Cid=-
RIF.RIFAWARE.GPIO\ Feature\ PE10\ Secure=false
RIF.RIFAWARE.GPIO\ Feature\ PE11\ Cid=-
RIF.RIFAWARE.GPIO\ Feature\ PE11\ Secure=false
RIF.RIFAWARE.GPIO\ Feature\ PE12\ Cid=-
RIF.RIFAWARE.GPIO\ Feature\ PE12\ Secure=false
RIF.RIFAWARE.GPIO\ Feature\ PE13\ Cid=-
RIF.RIFAWARE.GPIO\ Feature\ PE13\ Secure=false
RIF.RIFAWARE.GPIO\ Feature\ PE14\ Cid=-
RIF.RIFAWARE.GPIO\ Feature\ PE14\ Secure=false
RIF.RIFAWARE.GPIO\ Feature\ PE15\ Cid=-
RIF.RIFAWARE.GPIO\ Feature\ PE15\ Secure=false
RIF.RIFAWARE.GPIO\ Feature\ PE2\ Cid=-
RIF.RIFAWARE.GPIO\ Feature\ PE2\ Secure=false
RIF.RIFAWARE.GPIO\ Feature\ PE3\ Cid=-
RIF.RIFAWARE.GPIO\ Feature\ PE3\ Secure=false
RIF.RIFAWARE.GPIO\ Feature\ PE4\ Cid=-
RIF.RIFAWARE.GPIO\ Feature\ PE4\ Secure=false
RIF.RIFAWARE.GPIO\ Feature\ PE5\ Cid=-
RIF.RIFAWARE.GPIO\ Feature\ PE5\ Secure=false
RIF.RIFAWARE.GPIO\ Feature\ PE6\ Cid=-
RIF.RIFAWARE.GPIO\ Feature\ PE6\ Secure=false
RIF.RIFAWARE.GPIO\ Feature\ PE7\ Cid=-
RIF.RIFAWARE.GPIO\ Feature\ PE7\ Secure=false
RIF.RIFAWARE.GPIO\ Feature\ PE8\ Cid=-
RIF.RIFAWARE.GPIO\ Feature\ PE8\ Secure=false
RIF.RIFAWARE.GPIO\ Feature\ PE9\ Cid=-
RIF.RIFAWARE.GPIO\ Feature\ PE9\ Secure=false
RIF.RIFAWARE.GPIO\ Feature\ PF0\ Cid=-
RIF.RIFAWARE.GPIO\ Feature\ PF0\ Secure=false
RIF.RIFAWARE.GPIO\ Feature\ PF1\ Cid=-
RIF.RIFAWARE.GPIO\ Feature\ PF1\ Secure=false
RIF.RIFAWARE.GPIO\ Feature\ PF10\ Cid=-
RIF.RIFAWARE.GPIO\ Feature\ PF10\ Secure=false
RIF.RIFAWARE.GPIO\ Feature\ PF11\ Cid=-
RIF.RIFAWARE.GPIO\ Feature\ PF11\ Secure=false
RIF.RIFAWARE.GPIO\ Feature\ PF12\ Cid=-
RIF.RIFAWARE.GPIO\ Feature\ PF12\ Secure=false
RIF.RIFAWARE.GPIO\ Feature\ PF13\ Cid=-
RIF.RIFAWARE.GPIO\ Feature\ PF13\ Secure=false
RIF.RIFAWARE.GPIO\ Feature\ PF14\ Cid=-
RIF.RIFAWARE.GPIO\ Feature\ PF14\ Secure=false
RIF.RIFAWARE.GPIO\ Feature\ PF15\ Cid=-
RIF.RIFAWARE.GPIO\ Feature\ PF15\ Secure=false
RIF.RIFAWARE.GPIO\ Feature\ PF2\ Cid=-
RIF.RIFAWARE.GPIO\ Feature\ PF2\ Secure=false
RIF.RIFAWARE.GPIO\ Feature\ PF3\ Cid=-
RIF.RIFAWARE.GPIO\ Feature\ PF3\ Secure=false
RIF.RIFAWARE.GPIO\ Feature\ PF4\ Cid=-
RIF.RIFAWARE.GPIO\ Feature\ PF4\ Secure=false
RIF.RIFAWARE.GPIO\ Feature\ PF5\ Cid=-
RIF.RIFAWARE.GPIO\ Feature\ PF5\ Secure=false
RIF.RIFAWARE.GPIO\ Feature\ PF6\ Cid=-
RIF.RIFAWARE.GPIO\ Feature\ PF6\ Secure=false
RIF.RIFAWARE.GPIO\ Feature\ PF7\ Cid=-
RIF.RIFAWARE.GPIO\ Feature\ PF7\ Secure=false
RIF.RIFAWARE.GPIO\ Feature\ PF8\ Cid=-
RIF.RIFAWARE.GPIO\ Feature\ PF8\ Secure=false
RIF.RIFAWARE.GPIO\ Feature\ PF9\ Cid=-
RIF.RIFAWARE.GPIO\ Feature\ PF9\ Secure=false
RIF.RIFAWARE.GPIO\ Feature\ PG0\ Cid=-
RIF.RIFAWARE.GPIO\ Feature\ PG0\ Secure=false
RIF.RIFAWARE.GPIO\ Feature\ PG1\ Cid=-
RIF.RIFAWARE.GPIO\ Feature\ PG1\ Secure=false
RIF.RIFAWARE.GPIO\ Feature\ PG10\ Cid=-
RIF.RIFAWARE.GPIO\ Feature\ PG10\ Secure=false
RIF.RIFAWARE.GPIO\ Feature\ PG11\ Cid=-
RIF.RIFAWARE.GPIO\ Feature\ PG11\ Secure=false
RIF.RIFAWARE.GPIO\ Feature\ PG12\ Cid=-
RIF.RIFAWARE.GPIO\ Feature\ PG12\ Secure=false
RIF.RIFAWARE.GPIO\ Feature\ PG13\ Cid=-
RIF.RIFAWARE.GPIO\ Feature\ PG13\ Secure=false
RIF.RIFAWARE.GPIO\ Feature\ PG14\ Cid=-
RIF.RIFAWARE.GPIO\ Feature\ PG14\ Secure=false
RIF.RIFAWARE.GPIO\ Feature\ PG15\ Cid=-
RIF.RIFAWARE.GPIO\ Feature\ PG15\ Secure=false
RIF.RIFAWARE.GPIO\ Feature\ PG2\ Cid=-
RIF.RIFAWARE.GPIO\ Feature\ PG2\ Secure=false
RIF.RIFAWARE.GPIO\ Feature\ PG3\ Cid=-
RIF.RIFAWARE.GPIO\ Feature\ PG3\ Secure=false
RIF.RIFAWARE.GPIO\ Feature\ PG4\ Cid=-
RIF.RIFAWARE.GPIO\ Feature\ PG4\ Secure=false
RIF.RIFAWARE.GPIO\ Feature\ PG5\ Cid=-
RIF.RIFAWARE.GPIO\ Feature\ PG5\ Secure=false
RIF.RIFAWARE.GPIO\ Feature\ PG6\ Cid=-
RIF.RIFAWARE.GPIO\ Feature\ PG6\ Secure=false
RIF.RIFAWARE.GPIO\ Feature\ PG7\ Cid=-
RIF.RIFAWARE.GPIO\ Feature\ PG7\ Secure=false
RIF.RIFAWARE.GPIO\ Feature\ PG8\ Cid=-
RIF.RIFAWARE.GPIO\ Feature\ PG8\ Secure=false
RIF.RIFAWARE.GPIO\ Feature\ PG9\ Cid=-
RIF.RIFAWARE.GPIO\ Feature\ PG9\ Secure=false
RIF.RIFAWARE.GPIO\ Feature\ PH2\ Cid=-
RIF.RIFAWARE.GPIO\ Feature\ PH2\ Secure=false
RIF.RIFAWARE.GPIO\ Feature\ PH3\ Cid=-
RIF.RIFAWARE.GPIO\ Feature\ PH3\ Secure=false
RIF.RIFAWARE.GPIO\ Feature\ PH4\ Cid=-
RIF.RIFAWARE.GPIO\ Feature\ PH4\ Secure=false
RIF.RIFAWARE.GPIO\ Feature\ PH5\ Cid=-
RIF.RIFAWARE.GPIO\ Feature\ PH5\ Secure=false
RIF.RIFAWARE.GPIO\ Feature\ PH6\ Cid=-
RIF.RIFAWARE.GPIO\ Feature\ PH6\ Secure=false
RIF.RIFAWARE.GPIO\ Feature\ PH7\ Cid=-
RIF.RIFAWARE.GPIO\ Feature\ PH7\ Secure=false
RIF.RIFAWARE.GPIO\ Feature\ PH8\ Cid=-
RIF.RIFAWARE.GPIO\ Feature\ PH8\ Secure=false
RIF.RIFAWARE.GPIO\ Feature\ PH9\ Cid=-
RIF.RIFAWARE.GPIO\ Feature\ PH9\ Secure=false
RIF.RIFAWARE.GPIO\ Feature\ PN0\ Cid=1
RIF.RIFAWARE.GPIO\ Feature\ PN0\ FSBL=true
RIF.RIFAWARE.GPIO\ Feature\ PN0\ Secure=true
RIF.RIFAWARE.GPIO\ Feature\ PN1\ Cid=1
RIF.RIFAWARE.GPIO\ Feature\ PN1\ FSBL=true
RIF.RIFAWARE.GPIO\ Feature\ PN1\ Secure=true
RIF.RIFAWARE.GPIO\ Feature\ PN10\ Cid=1
RIF.RIFAWARE.GPIO\ Feature\ PN10\ FSBL=true
RIF.RIFAWARE.GPIO\ Feature\ PN10\ Secure=true
RIF.RIFAWARE.GPIO\ Feature\ PN11\ Cid=1
RIF.RIFAWARE.GPIO\ Feature\ PN11\ FSBL=true
RIF.RIFAWARE.GPIO\ Feature\ PN11\ Secure=true
RIF.RIFAWARE.GPIO\ Feature\ PN12\ Cid=-
RIF.RIFAWARE.GPIO\ Feature\ PN12\ Secure=false
RIF.RIFAWARE.GPIO\ Feature\ PN2\ Cid=1
RIF.RIFAWARE.GPIO\ Feature\ PN2\ FSBL=true
RIF.RIFAWARE.GPIO\ Feature\ PN2\ Secure=true
RIF.RIFAWARE.GPIO\ Feature\ PN3\ Cid=1
RIF.RIFAWARE.GPIO\ Feature\ PN3\ FSBL=true
RIF.RIFAWARE.GPIO\ Feature\ PN3\ Secure=true
RIF.RIFAWARE.GPIO\ Feature\ PN4\ Cid=1
RIF.RIFAWARE.GPIO\ Feature\ PN4\ FSBL=true
RIF.RIFAWARE.GPIO\ Feature\ PN4\ Secure=true
RIF.RIFAWARE.GPIO\ Feature\ PN5\ Cid=1
RIF.RIFAWARE.GPIO\ Feature\ PN5\ FSBL=true
RIF.RIFAWARE.GPIO\ Feature\ PN5\ Secure=true
RIF.RIFAWARE.GPIO\ Feature\ PN6\ Cid=1
RIF.RIFAWARE.GPIO\ Feature\ PN6\ FSBL=true
RIF.RIFAWARE.GPIO\ Feature\ PN6\ Secure=true
RIF.RIFAWARE.GPIO\ Feature\ PN7\ Cid=-
RIF.RIFAWARE.GPIO\ Feature\ PN7\ Secure=false
RIF.RIFAWARE.GPIO\ Feature\ PN8\ Cid=1
RIF.RIFAWARE.GPIO\ Feature\ PN8\ FSBL=true
RIF.RIFAWARE.GPIO\ Feature\ PN8\ Secure=true
RIF.RIFAWARE.GPIO\ Feature\ PN9\ Cid=1
RIF.RIFAWARE.GPIO\ Feature\ PN9\ FSBL=true
RIF.RIFAWARE.GPIO\ Feature\ PN9\ Secure=true
RIF.RIFAWARE.GPIO\ Feature\ PO0\ Cid=1
RIF.RIFAWARE.GPIO\ Feature\ PO0\ FSBL=true
RIF.RIFAWARE.GPIO\ Feature\ PO0\ Secure=true
RIF.RIFAWARE.GPIO\ Feature\ PO1\ Cid=-
RIF.RIFAWARE.GPIO\ Feature\ PO1\ Secure=false
RIF.RIFAWARE.GPIO\ Feature\ PO2\ Cid=1
RIF.RIFAWARE.GPIO\ Feature\ PO2\ FSBL=true
RIF.RIFAWARE.GPIO\ Feature\ PO2\ Secure=true
RIF.RIFAWARE.GPIO\ Feature\ PO3\ Cid=-
RIF.RIFAWARE.GPIO\ Feature\ PO3\ Secure=false
RIF.RIFAWARE.GPIO\ Feature\ PO4\ Cid=1
RIF.RIFAWARE.GPIO\ Feature\ PO4\ FSBL=true
RIF.RIFAWARE.GPIO\ Feature\ PO4\ Secure=true
RIF.RIFAWARE.GPIO\ Feature\ PO5\ Cid=1
RIF.RIFAWARE.GPIO\ Feature\ PO5\ FSBL=true
RIF.RIFAWARE.GPIO\ Feature\ PO5\ Secure=true
RIF.RIFAWARE.GPIO\ Feature\ PP0\ Cid=1
RIF.RIFAWARE.GPIO\ Feature\ PP0\ FSBL=true
RIF.RIFAWARE.GPIO\ Feature\ PP0\ Secure=true
RIF.RIFAWARE.GPIO\ Feature\ PP1\ Cid=1
RIF.RIFAWARE.GPIO\ Feature\ PP1\ FSBL=true
RIF.RIFAWARE.GPIO\ Feature\ PP1\ Secure=true
RIF.RIFAWARE.GPIO\ Feature\ PP10\ Cid=-
RIF.RIFAWARE.GPIO\ Feature\ PP10\ Secure=false
RIF.RIFAWARE.GPIO\ Feature\ PP11\ Cid=-
RIF.RIFAWARE.GPIO\ Feature\ PP11\ Secure=false
RIF.RIFAWARE.GPIO\ Feature\ PP12\ Cid=-
RIF.RIFAWARE.GPIO\ Feature\ PP12\ Secure=false
RIF.RIFAWARE.GPIO\ Feature\ PP13\ Cid=-
RIF.RIFAWARE.GPIO\ Feature\ PP13\ Secure=false
RIF.RIFAWARE.GPIO\ Feature\ PP14\ Cid=-
RIF.RIFAWARE.GPIO\ Feature\ PP14\ Secure=false
RIF.RIFAWARE.GPIO\ Feature\ PP15\ Cid=-
RIF.RIFAWARE.GPIO\ Feature\ PP15\ Secure=false
RIF.RIFAWARE.GPIO\ Feature\ PP2\ Cid=1
RIF.RIFAWARE.GPIO\ Feature\ PP2\ FSBL=true
RIF.RIFAWARE.GPIO\ Feature\ PP2\ Secure=true
RIF.RIFAWARE.GPIO\ Feature\ PP3\ Cid=1
RIF.RIFAWARE.GPIO\ Feature\ PP3\ FSBL=true
RIF.RIFAWARE.GPIO\ Feature\ PP3\ Secure=true
RIF.RIFAWARE.GPIO\ Feature\ PP4\ Cid=1
RIF.RIFAWARE.GPIO\ Feature\ PP4\ FSBL=true
RIF.RIFAWARE.GPIO\ Feature\ PP4\ Secure=true
RIF.RIFAWARE.GPIO\ Feature\ PP5\ Cid=1
RIF.RIFAWARE.GPIO\ Feature\ PP5\ FSBL=true
RIF.RIFAWARE.GPIO\ Feature\ PP5\ Secure=true
RIF.RIFAWARE.GPIO\ Feature\ PP6\ Cid=1
RIF.RIFAWARE.GPIO\ Feature\ PP6\ FSBL=true
RIF.RIFAWARE.GPIO\ Feature\ PP6\ Secure=true
RIF.RIFAWARE.GPIO\ Feature\ PP7\ Cid=1
RIF.RIFAWARE.GPIO\ Feature\ PP7\ FSBL=true
RIF.RIFAWARE.GPIO\ Feature\ PP7\ Secure=true
RIF.RIFAWARE.GPIO\ Feature\ PP8\ Cid=-
RIF.RIFAWARE.GPIO\ Feature\ PP8\ Secure=false
RIF.RIFAWARE.GPIO\ Feature\ PP9\ Cid=-
RIF.RIFAWARE.GPIO\ Feature\ PP9\ Secure=false
RIF.RIFAWARE.GPIO\ Feature\ PQ0\ Cid=-
RIF.RIFAWARE.GPIO\ Feature\ PQ0\ Secure=false
RIF.RIFAWARE.GPIO\ Feature\ PQ1\ Cid=-
RIF.RIFAWARE.GPIO\ Feature\ PQ1\ Secure=false
RIF.RIFAWARE.GPIO\ Feature\ PQ2\ Cid=-
RIF.RIFAWARE.GPIO\ Feature\ PQ2\ Secure=false
RIF.RIFAWARE.GPIO\ Feature\ PQ3\ Cid=-
RIF.RIFAWARE.GPIO\ Feature\ PQ3\ Secure=false
RIF.RIFAWARE.GPIO\ Feature\ PQ4\ Cid=-
RIF.RIFAWARE.GPIO\ Feature\ PQ4\ Secure=false
RIF.RIFAWARE.GPIO\ Feature\ PQ5\ Cid=-
RIF.RIFAWARE.GPIO\ Feature\ PQ5\ Secure=false
RIF.RIFAWARE.GPIO\ Feature\ PQ6\ Cid=-
RIF.RIFAWARE.GPIO\ Feature\ PQ6\ Secure=false
RIF.RIFAWARE.GPIO\ Feature\ PQ7\ Cid=-
RIF.RIFAWARE.GPIO\ Feature\ PQ7\ Secure=false
RIF.RIFAWARE.HPDMA1\ Feature\ HPDMA1\ channel\ 0\ Cid=-
RIF.RIFAWARE.HPDMA1\ Feature\ HPDMA1\ channel\ 0\ Secure=false
RIF.RIFAWARE.HPDMA1\ Feature\ HPDMA1\ channel\ 1\ Cid=-
RIF.RIFAWARE.HPDMA1\ Feature\ HPDMA1\ channel\ 1\ Secure=false
RIF.RIFAWARE.HPDMA1\ Feature\ HPDMA1\ channel\ 10\ Cid=-
RIF.RIFAWARE.HPDMA1\ Feature\ HPDMA1\ channel\ 10\ Secure=false
RIF.RIFAWARE.HPDMA1\ Feature\ HPDMA1\ channel\ 11\ Cid=-
RIF.RIFAWARE.HPDMA1\ Feature\ HPDMA1\ channel\ 11\ Secure=false
RIF.RIFAWARE.HPDMA1\ Feature\ HPDMA1\ channel\ 12\ Cid=-
RIF.RIFAWARE.HPDMA1\ Feature\ HPDMA1\ channel\ 12\ Secure=false
RIF.RIFAWARE.HPDMA1\ Feature\ HPDMA1\ channel\ 13\ Cid=-
RIF.RIFAWARE.HPDMA1\ Feature\ HPDMA1\ channel\ 13\ Secure=false
RIF.RIFAWARE.HPDMA1\ Feature\ HPDMA1\ channel\ 14\ Cid=-
RIF.RIFAWARE.HPDMA1\ Feature\ HPDMA1\ channel\ 14\ Secure=false
RIF.RIFAWARE.HPDMA1\ Feature\ HPDMA1\ channel\ 15\ Cid=-
RIF.RIFAWARE.HPDMA1\ Feature\ HPDMA1\ channel\ 15\ Secure=false
RIF.RIFAWARE.HPDMA1\ Feature\ HPDMA1\ channel\ 2\ Cid=-
RIF.RIFAWARE.HPDMA1\ Feature\ HPDMA1\ channel\ 2\ Secure=false
RIF.RIFAWARE.HPDMA1\ Feature\ HPDMA1\ channel\ 3\ Cid=-
RIF.RIFAWARE.HPDMA1\ Feature\ HPDMA1\ channel\ 3\ Secure=false
RIF.RIFAWARE.HPDMA1\ Feature\ HPDMA1\ channel\ 4\ Cid=-
RIF.RIFAWARE.HPDMA1\ Feature\ HPDMA1\ channel\ 4\ Secure=false
RIF.RIFAWARE.HPDMA1\ Feature\ HPDMA1\ channel\ 5\ Cid=-
RIF.RIFAWARE.HPDMA1\ Feature\ HPDMA1\ channel\ 5\ Secure=false
RIF.RIFAWARE.HPDMA1\ Feature\ HPDMA1\ channel\ 6\ Cid=-
RIF.RIFAWARE.HPDMA1\ Feature\ HPDMA1\ channel\ 6\ Secure=false
RIF.RIFAWARE.HPDMA1\ Feature\ HPDMA1\ channel\ 7\ Cid=-
RIF.RIFAWARE.HPDMA1\ Feature\ HPDMA1\ channel\ 7\ Secure=false
RIF.RIFAWARE.HPDMA1\ Feature\ HPDMA1\ channel\ 8\ Cid=-
RIF.RIFAWARE.HPDMA1\ Feature\ HPDMA1\ channel\ 8\ Secure=false
RIF.RIFAWARE.HPDMA1\ Feature\ HPDMA1\ channel\ 9\ Cid=-
RIF.RIFAWARE.HPDMA1\ Feature\ HPDMA1\ channel\ 9\ Secure=false
RIF.RIFAWARE.LTDC\ Feature\ LTDC_L1\ Cid=-
RIF.RIFAWARE.LTDC\ Feature\ LTDC_L1\ Secure=false
RIF.RIFAWARE.LTDC\ Feature\ LTDC_L2\ Cid=-
RIF.RIFAWARE.LTDC\ Feature\ LTDC_L2\ Secure=false
RIF.RIFAWARE.PWR\ Feature\ Backup\ domain\ protection\ Cid=-
RIF.RIFAWARE.PWR\ Feature\ Backup\ domain\ protection\ Secure=false
RIF.RIFAWARE.PWR\ Feature\ CPU\ power\ control\ protection\ Cid=-
RIF.RIFAWARE.PWR\ Feature\ CPU\ power\ control\ protection\ Secure=false
RIF.RIFAWARE.PWR\ Feature\ I-TCM,\ D-TCM,\ and\ I-TCM\ FLEXMEM\ low\ power\ control\ protection\ Cid=-
RIF.RIFAWARE.PWR\ Feature\ I-TCM,\ D-TCM,\ and\ I-TCM\ FLEXMEM\ low\ power\ control\ protection\ Secure=false
RIF.RIFAWARE.PWR\ Feature\ Peripheral\ voltage\ monitor\ protection\ Cid=-
RIF.RIFAWARE.PWR\ Feature\ Peripheral\ voltage\ monitor\ protection\ Secure=false
RIF.RIFAWARE.PWR\ Feature\ Programmable\ voltage\ detector\ protection\ Cid=-
RIF.RIFAWARE.PWR\ Feature\ Programmable\ voltage\ detector\ protection\ Secure=false
RIF.RIFAWARE.PWR\ Feature\ System\ supply\ configuration\ protection\ Cid=1
RIF.RIFAWARE.PWR\ Feature\ System\ supply\ configuration\ protection\ FSBL=true
RIF.RIFAWARE.PWR\ Feature\ System\ supply\ configuration\ protection\ Secure=true
RIF.RIFAWARE.PWR\ Feature\ VDDCORE\ monitor\ protection\ Cid=-
RIF.RIFAWARE.PWR\ Feature\ VDDCORE\ monitor\ protection\ Secure=false
RIF.RIFAWARE.PWR\ Feature\ Voltage\ scaling\ selection\ protection\ Cid=-
RIF.RIFAWARE.PWR\ Feature\ Voltage\ scaling\ selection\ protection\ Secure=false
RIF.RIFAWARE.PWR\ Feature\ WKUP1\ pin\ protection\ Cid=-
RIF.RIFAWARE.PWR\ Feature\ WKUP1\ pin\ protection\ Secure=false
RIF.RIFAWARE.PWR\ Feature\ WKUP2\ pin\ protection\ Cid=-
RIF.RIFAWARE.PWR\ Feature\ WKUP2\ pin\ protection\ Secure=false
RIF.RIFAWARE.PWR\ Feature\ WKUP3\ pin\ protection\ Cid=-
RIF.RIFAWARE.PWR\ Feature\ WKUP3\ pin\ protection\ Secure=false
RIF.RIFAWARE.PWR\ Feature\ WKUP4\ pin\ protection\ Cid=-
RIF.RIFAWARE.PWR\ Feature\ WKUP4\ pin\ protection\ Secure=false
RIF.RIFAWARE.RCC\ Feature\ Protection\ of\ BUS\ system\ configuration\ bits\ Cid=-
RIF.RIFAWARE.RCC\ Feature\ Protection\ of\ BUS\ system\ configuration\ bits\ Secure=false
RIF.RIFAWARE.RCC\ Feature\ Protection\ of\ DFT\ system\ configuration\ bits\ Cid=-
RIF.RIFAWARE.RCC\ Feature\ Protection\ of\ DFT\ system\ configuration\ bits\ Secure=false
RIF.RIFAWARE.RCC\ Feature\ Protection\ of\ IC1\ divider\ configuration\ bits\ Cid=-
RIF.RIFAWARE.RCC\ Feature\ Protection\ of\ IC1\ divider\ configuration\ bits\ Secure=false
RIF.RIFAWARE.RCC\ Feature\ Protection\ of\ IC10\ divider\ configuration\ bits\ Cid=-
RIF.RIFAWARE.RCC\ Feature\ Protection\ of\ IC10\ divider\ configuration\ bits\ Secure=false
RIF.RIFAWARE.RCC\ Feature\ Protection\ of\ IC11\ divider\ configuration\ bits\ Cid=-
RIF.RIFAWARE.RCC\ Feature\ Protection\ of\ IC11\ divider\ configuration\ bits\ Secure=false
RIF.RIFAWARE.RCC\ Feature\ Protection\ of\ IC12\ divider\ configuration\ bits\ Cid=-
RIF.RIFAWARE.RCC\ Feature\ Protection\ of\ IC12\ divider\ configuration\ bits\ Secure=false
RIF.RIFAWARE.RCC\ Feature\ Protection\ of\ IC13\ divider\ configuration\ bits\ Cid=-
RIF.RIFAWARE.RCC\ Feature\ Protection\ of\ IC13\ divider\ configuration\ bits\ Secure=false
RIF.RIFAWARE.RCC\ Feature\ Protection\ of\ IC14\ divider\ configuration\ bits\ Cid=-
RIF.RIFAWARE.RCC\ Feature\ Protection\ of\ IC14\ divider\ configuration\ bits\ Secure=false
RIF.RIFAWARE.RCC\ Feature\ Protection\ of\ IC15\ divider\ configuration\ bits\ Cid=-
RIF.RIFAWARE.RCC\ Feature\ Protection\ of\ IC15\ divider\ configuration\ bits\ Secure=false
RIF.RIFAWARE.RCC\ Feature\ Protection\ of\ IC16\ divider\ configuration\ bits\ Cid=-
RIF.RIFAWARE.RCC\ Feature\ Protection\ of\ IC16\ divider\ configuration\ bits\ Secure=false
RIF.RIFAWARE.RCC\ Feature\ Protection\ of\ IC17\ divider\ configuration\ bits\ Cid=-
RIF.RIFAWARE.RCC\ Feature\ Protection\ of\ IC17\ divider\ configuration\ bits\ Secure=false
RIF.RIFAWARE.RCC\ Feature\ Protection\ of\ IC18\ divider\ configuration\ bits\ Cid=-
RIF.RIFAWARE.RCC\ Feature\ Protection\ of\ IC18\ divider\ configuration\ bits\ Secure=false
RIF.RIFAWARE.RCC\ Feature\ Protection\ of\ IC19\ divider\ configuration\ bits\ Cid=-
RIF.RIFAWARE.RCC\ Feature\ Protection\ of\ IC19\ divider\ configuration\ bits\ Secure=false
RIF.RIFAWARE.RCC\ Feature\ Protection\ of\ IC2\ divider\ configuration\ bits\ Cid=-
RIF.RIFAWARE.RCC\ Feature\ Protection\ of\ IC2\ divider\ configuration\ bits\ Secure=false
RIF.RIFAWARE.RCC\ Feature\ Protection\ of\ IC20\ divider\ configuration\ bits\ Cid=-
RIF.RIFAWARE.RCC\ Feature\ Protection\ of\ IC20\ divider\ configuration\ bits\ Secure=false
RIF.RIFAWARE.RCC\ Feature\ Protection\ of\ IC3\ divider\ configuration\ bits\ Cid=-
RIF.RIFAWARE.RCC\ Feature\ Protection\ of\ IC3\ divider\ configuration\ bits\ Secure=false
RIF.RIFAWARE.RCC\ Feature\ Protection\ of\ IC4\ divider\ configuration\ bits\ Cid=-
RIF.RIFAWARE.RCC\ Feature\ Protection\ of\ IC4\ divider\ configuration\ bits\ Secure=false
RIF.RIFAWARE.RCC\ Feature\ Protection\ of\ IC5\ divider\ configuration\ bits\ Cid=-
RIF.RIFAWARE.RCC\ Feature\ Protection\ of\ IC5\ divider\ configuration\ bits\ Secure=false
RIF.RIFAWARE.RCC\ Feature\ Protection\ of\ IC6\ divider\ configuration\ bits\ Cid=-
RIF.RIFAWARE.RCC\ Feature\ Protection\ of\ IC6\ divider\ configuration\ bits\ Secure=false
RIF.RIFAWARE.RCC\ Feature\ Protection\ of\ IC7\ divider\ configuration\ bits\ Cid=-
RIF.RIFAWARE.RCC\ Feature\ Protection\ of\ IC7\ divider\ configuration\ bits\ Secure=false
RIF.RIFAWARE.RCC\ Feature\ Protection\ of\ IC8\ divider\ configuration\ bits\ Cid=-
RIF.RIFAWARE.RCC\ Feature\ Protection\ of\ IC8\ divider\ configuration\ bits\ Secure=false
RIF.RIFAWARE.RCC\ Feature\ Protection\ of\ IC9\ divider\ configuration\ bits\ Cid=-
RIF.RIFAWARE.RCC\ Feature\ Protection\ of\ IC9\ divider\ configuration\ bits\ Secure=false
RIF.RIFAWARE.RCC\ Feature\ Protection\ of\ INT\ system\ configuration\ bits\ Cid=-
RIF.RIFAWARE.RCC\ Feature\ Protection\ of\ INT\ system\ configuration\ bits\ Secure=false
RIF.RIFAWARE.RCC\ Feature\ Protection\ of\ MOD\ system\ configuration\ bits\ Cid=-
RIF.RIFAWARE.RCC\ Feature\ Protection\ of\ MOD\ system\ configuration\ bits\ Secure=false
RIF.RIFAWARE.RCC\ Feature\ Protection\ of\ PER\ system\ configuration\ bits\ Cid=-
RIF.RIFAWARE.RCC\ Feature\ Protection\ of\ PER\ system\ configuration\ bits\ Secure=false
RIF.RIFAWARE.RCC\ Feature\ Protection\ of\ PLL1\ configuration\ bits\u200B\ Cid=-
RIF.RIFAWARE.RCC\ Feature\ Protection\ of\ PLL1\ configuration\ bits\u200B\ Secure=false
RIF.RIFAWARE.RCC\ Feature\ Protection\ of\ PLL2\ configuration\ bits\ Cid=-
RIF.RIFAWARE.RCC\ Feature\ Protection\ of\ PLL2\ configuration\ bits\ Secure=false
RIF.RIFAWARE.RCC\ Feature\ Protection\ of\ PLL3\ configuration\ bits\ Cid=-
RIF.RIFAWARE.RCC\ Feature\ Protection\ of\ PLL3\ configuration\ bits\ Secure=false
RIF.RIFAWARE.RCC\ Feature\ Protection\ of\ PLL4\ configuration\ bits\ Cid=-
RIF.RIFAWARE.RCC\ Feature\ Protection\ of\ PLL4\ configuration\ bits\ Secure=false
RIF.RIFAWARE.RCC\ Feature\ Protection\ of\ RST\ system\ configuration\ bits\ Cid=-
RIF.RIFAWARE.RCC\ Feature\ Protection\ of\ RST\ system\ configuration\ bits\ Secure=false
RIF.RIFAWARE.RCC\ Feature\ Protection\ of\ SYS\ system\ configuration\ bit\ Cid=-
RIF.RIFAWARE.RCC\ Feature\ Protection\ of\ SYS\ system\ configuration\ bit\ Secure=false
RIF.RIFAWARE.RCC\ Feature\ protection\ of\ ACLKN\ bus\ configuration\ bits\ Cid=-
RIF.RIFAWARE.RCC\ Feature\ protection\ of\ ACLKN\ bus\ configuration\ bits\ Secure=false
RIF.RIFAWARE.RCC\ Feature\ protection\ of\ ACLKNC\ bus\ configuration\ bits\ Cid=-
RIF.RIFAWARE.RCC\ Feature\ protection\ of\ ACLKNC\ bus\ configuration\ bits\ Secure=false
RIF.RIFAWARE.RCC\ Feature\ protection\ of\ AHB1\ bus\ configuration\ bits\ Cid=-
RIF.RIFAWARE.RCC\ Feature\ protection\ of\ AHB1\ bus\ configuration\ bits\ Secure=false
RIF.RIFAWARE.RCC\ Feature\ protection\ of\ AHB2\ bus\ configuration\ bits\ Cid=-
RIF.RIFAWARE.RCC\ Feature\ protection\ of\ AHB2\ bus\ configuration\ bits\ Secure=false
RIF.RIFAWARE.RCC\ Feature\ protection\ of\ AHB3\ bus\ configuration\ bits\ Cid=-
RIF.RIFAWARE.RCC\ Feature\ protection\ of\ AHB3\ bus\ configuration\ bits\ Secure=false
RIF.RIFAWARE.RCC\ Feature\ protection\ of\ AHB4\ bus\ configuration\ bits\ Cid=-
RIF.RIFAWARE.RCC\ Feature\ protection\ of\ AHB4\ bus\ configuration\ bits\ Secure=false
RIF.RIFAWARE.RCC\ Feature\ protection\ of\ AHB5\ bus\ configuration\ bits\ Cid=-
RIF.RIFAWARE.RCC\ Feature\ protection\ of\ AHB5\ bus\ configuration\ bits\ Secure=false
RIF.RIFAWARE.RCC\ Feature\ protection\ of\ AHBM\ bus\ configuration\ bits\ Cid=-
RIF.RIFAWARE.RCC\ Feature\ protection\ of\ AHBM\ bus\ configuration\ bits\ Secure=false
RIF.RIFAWARE.RCC\ Feature\ protection\ of\ APB1\ bus\ configuration\ bits\ Cid=-
RIF.RIFAWARE.RCC\ Feature\ protection\ of\ APB1\ bus\ configuration\ bits\ Secure=false
RIF.RIFAWARE.RCC\ Feature\ protection\ of\ APB2\ bus\ configuration\ bits\ Cid=-
RIF.RIFAWARE.RCC\ Feature\ protection\ of\ APB2\ bus\ configuration\ bits\ Secure=false
RIF.RIFAWARE.RCC\ Feature\ protection\ of\ APB3\ bus\ configuration\ bits\ Cid=-
RIF.RIFAWARE.RCC\ Feature\ protection\ of\ APB3\ bus\ configuration\ bits\ Secure=false
RIF.RIFAWARE.RCC\ Feature\ protection\ of\ APB4\ bus\ configuration\ bits\ Cid=-
RIF.RIFAWARE.RCC\ Feature\ protection\ of\ APB4\ bus\ configuration\ bits\ Secure=false
RIF.RIFAWARE.RCC\ Feature\ protection\ of\ APB5\ bus\ configuration\ bits\ Cid=-
RIF.RIFAWARE.RCC\ Feature\ protection\ of\ APB5\ bus\ configuration\ bits\ Secure=false
RIF.RIFAWARE.RCC\ Feature\ protection\ of\ NOC\ bus\ configuration\ bits\ Cid=-
RIF.RIFAWARE.RCC\ Feature\ protection\ of\ NOC\ bus\ configuration\ bits\ Secure=false
RIF.RIFAWARE.RTC\ Feature\ Alarm\ A\ and\ SSR\ underflow\ protection\u200B\ Cid=-
RIF.RIFAWARE.RTC\ Feature\ Alarm\ A\ and\ SSR\ underflow\ protection\u200B\ Secure=false
RIF.RIFAWARE.RTC\ Feature\ Alarm\ B\ protection\ Cid=-
RIF.RIFAWARE.RTC\ Feature\ Alarm\ B\ protection\ Secure=false
RIF.RIFAWARE.RTC\ Feature\ Initialization\ protection\ Cid=-
RIF.RIFAWARE.RTC\ Feature\ Initialization\ protection\ Secure=false
RIF.RIFAWARE.RTC\ Feature\ RTC\ global\ protection\ Cid=-
RIF.RIFAWARE.RTC\ Feature\ RTC\ global\ protection\ Secure=false
RIF.RIFAWARE.RTC\ Feature\ Shift\ register,\ daylight\ saving,\ calibration\ and\ reference\ clock\ protection\ Cid=-
RIF.RIFAWARE.RTC\ Feature\ Shift\ register,\ daylight\ saving,\ calibration\ and\ reference\ clock\ protection\ Secure=false
RIF.RIFAWARE.RTC\ Feature\ Timestamp\ protection\ Cid=-
RIF.RIFAWARE.RTC\ Feature\ Timestamp\ protection\ Secure=false
RIF.RIFAWARE.RTC\ Feature\ Wake-up\ timer\ protection\ Cid=-
RIF.RIFAWARE.RTC\ Feature\ Wake-up\ timer\ protection\ Secure=false
RIF.SDMMC1_CID_RIMU=0
RIF.SDMMC2_CID_RIMU=0
RIF.VENC_CID_RIMU=0
RIF.default_config=false
VP_EXTMEM_MANAGER_SIG_Activate_EXTMEM.Mode=Activate_EXTMEM
VP_EXTMEM_MANAGER_SIG_Activate_EXTMEM.Signal=EXTMEM_MANAGER_SIG_Activate_EXTMEM
VP_PWR_VS_DBSignals.Mode=DisableDeadBatterySignals
VP_PWR_VS_DBSignals.Signal=PWR_VS_DBSignals
VP_PWR_VS_LPOM.Mode=PowerOptimisation
VP_PWR_VS_LPOM.Signal=PWR_VS_LPOM
VP_PWR_VS_PowerVDDIO.Mode=Power_Domain
VP_PWR_VS_PowerVDDIO.Signal=PWR_VS_PowerVDDIO
VP_PWR_VS_SECSignals.Mode=Security/Privilege
VP_PWR_VS_SECSignals.Signal=PWR_VS_SECSignals
VP_RIF_VS_RIF1.Mode=RISUP
VP_RIF_VS_RIF1.Signal=RIF_VS_RIF1
VP_XSPI1_VS_octo.Mode=hyperbus_mode
VP_XSPI1_VS_octo.Signal=XSPI1_VS_octo
VP_XSPI2_VS_octo.Mode=octo_mode
VP_XSPI2_VS_octo.Signal=XSPI2_VS_octo
VP_XSPIM_VS_IO.Mode=Direct
VP_XSPIM_VS_IO.Signal=XSPIM_VS_IO
XSPI1.AccessTimeCycle=7
XSPI1.ChipSelectHighTimeCycle=2
XSPI1.ClockPrescaler=1 - 1
XSPI1.FifoThresholdByte=4
XSPI1.IPParameters=FifoThresholdByte,MemorySize,ChipSelectHighTimeCycle,WrapSize,ClockPrescaler,RWRecoveryTimeCycle,AccessTimeCycle,WriteZeroLatency,LatencyMode
XSPI1.LatencyMode=HAL_XSPI_FIXED_LATENCY
XSPI1.MemorySize=HAL_XSPI_SIZE_256MB
XSPI1.RWRecoveryTimeCycle=7
XSPI1.WrapSize=HAL_XSPI_WRAP_32_BYTES
XSPI1.WriteZeroLatency=HAL_XSPI_LATENCY_ON_WRITE
XSPI2.ClockPrescaler=1 - 1
XSPI2.FifoThresholdByte=4
XSPI2.IPParameters=FifoThresholdByte,MemoryType,MemorySize,ClockPrescaler
XSPI2.MemorySize=HAL_XSPI_SIZE_256MB
XSPI2.MemoryType=HAL_XSPI_MEMTYPE_MACRONIX
board=custom
